
Microsoft Visual Studio Solution File, Format Version 12.00
# Visual Studio 14
VisualStudioVersion = 14.0.25123.0
MinimumVisualStudioVersion = 10.0.40219.1
Project("{FAE04EC0-301F-11D3-BF4B-00C04F79EFBC}") = "LOYADE", "LOYADE\LOYADE.csproj", "{358D3716-7033-4A4C-9838-A8A4723C708E}"
EndProject
Project("{FAE04EC0-301F-11D3-BF4B-00C04F79EFBC}") = "LOYADE.BPM", "LOYADE.BPM\LOYADE.BPM.csproj", "{07121368-3C91-4B07-B46B-87010BCD7C99}"
EndProject
Project("{FAE04EC0-301F-11D3-BF4B-00C04F79EFBC}") = "LOYADE.DATA", "LOYADE.DATA\LOYADE.DATA.csproj", "{72D32AAE-1CDC-496D-81C2-593A3B151C3F}"
EndProject
Project("{FAE04EC0-301F-11D3-BF4B-00C04F79EFBC}") = "LOYADE.GIS", "LOYADE.GIS\LOYADE.GIS.csproj", "{3220B911-0458-443B-86DF-F0778E54642C}"
EndProject
Project("{FAE04EC0-301F-11D3-BF4B-00C04F79EFBC}") = "LOYADE.MATH", "LOYADE.MATH\LOYADE.MATH.csproj", "{84133D14-AE43-4617-BEEB-2B9B40F86317}"
EndProject
Project("{FAE04EC0-301F-11D3-BF4B-00C04F79EFBC}") = "LOYADE.CONTROL", "LOYADE.CONTROL\LOYADE.CONTROL.csproj", "{BBBAB899-BA88-4888-A588-BD7F80D02363}"
EndProject
Project("{FAE04EC0-301F-11D3-BF4B-00C04F79EFBC}") = "LOYADE.VEHICLE", "LOYADE.VEHICLE\LOYADE.VEHICLE.csproj", "{EDA15E73-159E-466A-85A6-3DE413F15B26}"
EndProject
Project("{FAE04EC0-301F-11D3-BF4B-00C04F79EFBC}") = "LOYADE.PIXIE", "LOYADE.PIXIE\LOYADE.PIXIE.csproj", "{3643520D-90BC-4459-AE57-EFCC28E84C69}"
EndProject
Project("{FAE04EC0-301F-11D3-BF4B-00C04F79EFBC}") = "LOYADE.MODEL", "LOYADE.MODEL\LOYADE.MODEL.csproj", "{10AC8946-FFF5-4EAE-8AF0-25F589700C35}"
EndProject
Project("{FAE04EC0-301F-11D3-BF4B-00C04F79EFBC}") = "LOYADE.SPATIALANALYZER", "LOYADE.SPATIALANALYZER\LOYADE.SPATIALANALYZER.csproj", "{7BCE26C0-CAEA-4D44-8814-E291D84EBE26}"
EndProject
Project("{FAE04EC0-301F-11D3-BF4B-00C04F79EFBC}") = "LOYADE.ACCESS", "LOYADE.ACCESS\LOYADE.ACCESS.csproj", "{4A27D539-5614-4621-B0A1-B29E9D1C12D5}"
EndProject
Project("{FAE04EC0-301F-11D3-BF4B-00C04F79EFBC}") = "LOYADE.DATA.REALTIME", "LOYADE.DATA.REALTIME\LOYADE.DATA.REALTIME.csproj", "{00163CD9-D36D-49E9-B201-040C25BF0D45}"
EndProject
Project("{FAE04EC0-301F-11D3-BF4B-00C04F79EFBC}") = "TestLOYADE", "TestLOYADE\TestLOYADE.csproj", "{4E703339-BEF0-48AA-B718-3105260F5142}"
EndProject
Project("{FAE04EC0-301F-11D3-BF4B-00C04F79EFBC}") = "LOYADE.IOCP", "LOYADE.IOCP\LOYADE.IOCP.csproj", "{C03C3552-06DB-474E-91B1-31318F582E4C}"
EndProject
Global
	GlobalSection(SolutionConfigurationPlatforms) = preSolution
		Debug|Any CPU = Debug|Any CPU
		Release|Any CPU = Release|Any CPU
	EndGlobalSection
	GlobalSection(ProjectConfigurationPlatforms) = postSolution
		{358D3716-7033-4A4C-9838-A8A4723C708E}.Debug|Any CPU.ActiveCfg = Debug|Any CPU
		{358D3716-7033-4A4C-9838-A8A4723C708E}.Debug|Any CPU.Build.0 = Debug|Any CPU
		{358D3716-7033-4A4C-9838-A8A4723C708E}.Release|Any CPU.ActiveCfg = Release|Any CPU
		{358D3716-7033-4A4C-9838-A8A4723C708E}.Release|Any CPU.Build.0 = Release|Any CPU
		{07121368-3C91-4B07-B46B-87010BCD7C99}.Debug|Any CPU.ActiveCfg = Debug|Any CPU
		{07121368-3C91-4B07-B46B-87010BCD7C99}.Debug|Any CPU.Build.0 = Debug|Any CPU
		{07121368-3C91-4B07-B46B-87010BCD7C99}.Release|Any CPU.ActiveCfg = Release|Any CPU
		{07121368-3C91-4B07-B46B-87010BCD7C99}.Release|Any CPU.Build.0 = Release|Any CPU
		{72D32AAE-1CDC-496D-81C2-593A3B151C3F}.Debug|Any CPU.ActiveCfg = Debug|Any CPU
		{72D32AAE-1CDC-496D-81C2-593A3B151C3F}.Debug|Any CPU.Build.0 = Debug|Any CPU
		{72D32AAE-1CDC-496D-81C2-593A3B151C3F}.Release|Any CPU.ActiveCfg = Release|Any CPU
		{72D32AAE-1CDC-496D-81C2-593A3B151C3F}.Release|Any CPU.Build.0 = Release|Any CPU
		{3220B911-0458-443B-86DF-F0778E54642C}.Debug|Any CPU.ActiveCfg = Debug|Any CPU
		{3220B911-0458-443B-86DF-F0778E54642C}.Debug|Any CPU.Build.0 = Debug|Any CPU
		{3220B911-0458-443B-86DF-F0778E54642C}.Release|Any CPU.ActiveCfg = Release|Any CPU
		{3220B911-0458-443B-86DF-F0778E54642C}.Release|Any CPU.Build.0 = Release|Any CPU
		{84133D14-AE43-4617-BEEB-2B9B40F86317}.Debug|Any CPU.ActiveCfg = Debug|Any CPU
		{84133D14-AE43-4617-BEEB-2B9B40F86317}.Debug|Any CPU.Build.0 = Debug|Any CPU
		{84133D14-AE43-4617-BEEB-2B9B40F86317}.Release|Any CPU.ActiveCfg = Release|Any CPU
		{84133D14-AE43-4617-BEEB-2B9B40F86317}.Release|Any CPU.Build.0 = Release|Any CPU
		{BBBAB899-BA88-4888-A588-BD7F80D02363}.Debug|Any CPU.ActiveCfg = Debug|Any CPU
		{BBBAB899-BA88-4888-A588-BD7F80D02363}.Debug|Any CPU.Build.0 = Debug|Any CPU
		{BBBAB899-BA88-4888-A588-BD7F80D02363}.Release|Any CPU.ActiveCfg = Release|Any CPU
		{BBBAB899-BA88-4888-A588-BD7F80D02363}.Release|Any CPU.Build.0 = Release|Any CPU
		{EDA15E73-159E-466A-85A6-3DE413F15B26}.Debug|Any CPU.ActiveCfg = Debug|Any CPU
		{EDA15E73-159E-466A-85A6-3DE413F15B26}.Debug|Any CPU.Build.0 = Debug|Any CPU
		{EDA15E73-159E-466A-85A6-3DE413F15B26}.Release|Any CPU.ActiveCfg = Release|Any CPU
		{EDA15E73-159E-466A-85A6-3DE413F15B26}.Release|Any CPU.Build.0 = Release|Any CPU
		{3643520D-90BC-4459-AE57-EFCC28E84C69}.Debug|Any CPU.ActiveCfg = Debug|Any CPU
		{3643520D-90BC-4459-AE57-EFCC28E84C69}.Debug|Any CPU.Build.0 = Debug|Any CPU
		{3643520D-90BC-4459-AE57-EFCC28E84C69}.Release|Any CPU.ActiveCfg = Release|Any CPU
		{3643520D-90BC-4459-AE57-EFCC28E84C69}.Release|Any CPU.Build.0 = Release|Any CPU
		{10AC8946-FFF5-4EAE-8AF0-25F589700C35}.Debug|Any CPU.ActiveCfg = Debug|Any CPU
		{10AC8946-FFF5-4EAE-8AF0-25F589700C35}.Debug|Any CPU.Build.0 = Debug|Any CPU
		{10AC8946-FFF5-4EAE-8AF0-25F589700C35}.Release|Any CPU.ActiveCfg = Release|Any CPU
		{10AC8946-FFF5-4EAE-8AF0-25F589700C35}.Release|Any CPU.Build.0 = Release|Any CPU
		{7BCE26C0-CAEA-4D44-8814-E291D84EBE26}.Debug|Any CPU.ActiveCfg = Debug|Any CPU
		{7BCE26C0-CAEA-4D44-8814-E291D84EBE26}.Debug|Any CPU.Build.0 = Debug|Any CPU
		{7BCE26C0-CAEA-4D44-8814-E291D84EBE26}.Release|Any CPU.ActiveCfg = Release|Any CPU
		{7BCE26C0-CAEA-4D44-8814-E291D84EBE26}.Release|Any CPU.Build.0 = Release|Any CPU
		{4A27D539-5614-4621-B0A1-B29E9D1C12D5}.Debug|Any CPU.ActiveCfg = Debug|Any CPU
		{4A27D539-5614-4621-B0A1-B29E9D1C12D5}.Debug|Any CPU.Build.0 = Debug|Any CPU
		{4A27D539-5614-4621-B0A1-B29E9D1C12D5}.Release|Any CPU.ActiveCfg = Release|Any CPU
		{4A27D539-5614-4621-B0A1-B29E9D1C12D5}.Release|Any CPU.Build.0 = Release|Any CPU
		{00163CD9-D36D-49E9-B201-040C25BF0D45}.Debug|Any CPU.ActiveCfg = Debug|Any CPU
		{00163CD9-D36D-49E9-B201-040C25BF0D45}.Debug|Any CPU.Build.0 = Debug|Any CPU
		{00163CD9-D36D-49E9-B201-040C25BF0D45}.Release|Any CPU.ActiveCfg = Release|Any CPU
		{00163CD9-D36D-49E9-B201-040C25BF0D45}.Release|Any CPU.Build.0 = Release|Any CPU
		{4E703339-BEF0-48AA-B718-3105260F5142}.Debug|Any CPU.ActiveCfg = Debug|Any CPU
		{4E703339-BEF0-48AA-B718-3105260F5142}.Debug|Any CPU.Build.0 = Debug|Any CPU
		{4E703339-BEF0-48AA-B718-3105260F5142}.Release|Any CPU.ActiveCfg = Release|Any CPU
		{4E703339-BEF0-48AA-B718-3105260F5142}.Release|Any CPU.Build.0 = Release|Any CPU
		{C03C3552-06DB-474E-91B1-31318F582E4C}.Debug|Any CPU.ActiveCfg = Debug|Any CPU
		{C03C3552-06DB-474E-91B1-31318F582E4C}.Debug|Any CPU.Build.0 = Debug|Any CPU
		{C03C3552-06DB-474E-91B1-31318F582E4C}.Release|Any CPU.ActiveCfg = Release|Any CPU
		{C03C3552-06DB-474E-91B1-31318F582E4C}.Release|Any CPU.Build.0 = Release|Any CPU
	EndGlobalSection
	GlobalSection(SolutionProperties) = preSolution
		HideSolutionNode = FALSE
	EndGlobalSection
EndGlobal
